{
  "name": "asha-procgen",
  "version": "0.1.0",
  "lockfileVersion": 3,
  "requires": true,
  "packages": {
    "": {
      "name": "asha-procgen",
      "version": "0.1.0",
      "dependencies": {
        "@asha/contracts": "file:../asha-engine/ts/packages/contracts",
        "@asha/runtime-bridge": "file:../asha-engine/ts/packages/runtime-bridge",
        "@asha/runtime-session": "file:../asha-engine/ts/packages/runtime-session"
      },
      "devDependencies": {
        "typescript": "^6.0.3"
      }
    },
    "../asha-engine/ts/packages/contracts": {
      "name": "@asha/contracts",
      "version": "0.1.0"
    },
    "../asha-engine/ts/packages/runtime-bridge": {
      "name": "@asha/runtime-bridge",
      "version": "0.1.0",
      "dependencies": {
        "@asha/contracts": "workspace:*",
        "@asha/native-bridge": "workspace:*",
        "@asha/runtime-session": "workspace:*"
      }
    },
    "../asha-engine/ts/packages/runtime-session": {
      "name": "@asha/runtime-session",
      "version": "0.1.0",
      "dependencies": {
        "@asha/contracts": "workspace:*"
      }
    },
    "node_modules/@asha/contracts": {
      "resolved": "../asha-engine/ts/packages/contracts",
      "link": true
    },
    "node_modules/@asha/runtime-bridge": {
      "resolved": "../asha-engine/ts/packages/runtime-bridge",
      "link": true
    },
    "node_modules/@asha/runtime-session": {
      "resolved": "../asha-engine/ts/packages/runtime-session",
      "link": true
    },
    "node_modules/typescript": {
      "version": "6.0.3",
      "resolved": "https://registry.npmjs.org/typescript/-/typescript-6.0.3.tgz",
      "integrity": "sha512-y2TvuxSZPDyQakkFRPZHKFm+KKVqIisdg9/CZwm9ftvKXLP8NRWj38/ODjNbr43SsoXqNuAisEf1GdCxqWcdBw==",
      "dev": true,
      "license": "Apache-2.0",
      "bin": {
        "tsc": "bin/tsc",
        "tsserver": "bin/tsserver"
      },
      "engines": {
        "node": ">=14.17"
      }
    }
  }
}
